
Microsoft Visual Studio Solution File, Format Version 12.00
# Visual Studio Version 17
VisualStudioVersion = 17.3.32811.315
MinimumVisualStudioVersion = 10.0.40219.1
Project("{FAE04EC0-301F-11D3-BF4B-00C04F79EFBC}") = "CalculatorJenkinsDemo", "CalculatorJenkinsDemo\CalculatorJenkinsDemo.csproj", "{55853B5D-6C3E-4F6C-B30B-8FC6AAFDD2AD}"
EndProject
Global
	GlobalSection(SolutionConfigurationPlatforms) = preSolution
		Debug|Any CPU = Debug|Any CPU
		Release|Any CPU = Release|Any CPU
	EndGlobalSection
	GlobalSection(ProjectConfigurationPlatforms) = postSolution
		{55853B5D-6C3E-4F6C-B30B-8FC6AAFDD2AD}.Debug|Any CPU.ActiveCfg = Debug|Any CPU
		{55853B5D-6C3E-4F6C-B30B-8FC6AAFDD2AD}.Debug|Any CPU.Build.0 = Debug|Any CPU
		{55853B5D-6C3E-4F6C-B30B-8FC6AAFDD2AD}.Release|Any CPU.ActiveCfg = Release|Any CPU
		{55853B5D-6C3E-4F6C-B30B-8FC6AAFDD2AD}.Release|Any CPU.Build.0 = Release|Any CPU
	EndGlobalSection
	GlobalSection(SolutionProperties) = preSolution
		HideSolutionNode = FALSE
	EndGlobalSection
	GlobalSection(ExtensibilityGlobals) = postSolution
		SolutionGuid = {C198F781-E3DB-4AA9-A188-DEB3304148D9}
	EndGlobalSection
EndGlobal
